// !$*UTF8*$!
{
	archiveVersion = 1;
	classes = {
	};
	objectVersion = 50;
	objects = {

/* Begin PBXBuildFile section */
		9313DE432731A40E00460712 /* TestData.csv in Resources */ = {isa = PBXBuildFile; fileRef = 9313DE422731A40E00460712 /* TestData.csv */; };
		9313DE4C273B418F00460712 /* EmailManager.swift in Sources */ = {isa = PBXBuildFile; fileRef = 9313DE4B273B418E00460712 /* EmailManager.swift */; };
		9316244A26FA4C8D004C06B7 /* AppDelegate.swift in Sources */ = {isa = PBXBuildFile; fileRef = 9316244926FA4C8D004C06B7 /* AppDelegate.swift */; };
		9316244C26FA4C8D004C06B7 /* SceneDelegate.swift in Sources */ = {isa = PBXBuildFile; fileRef = 9316244B26FA4C8D004C06B7 /* SceneDelegate.swift */; };
		9316244E26FA4C8D004C06B7 /* ViewController.swift in Sources */ = {isa = PBXBuildFile; fileRef = 9316244D26FA4C8D004C06B7 /* ViewController.swift */; };
		9316245126FA4C8D004C06B7 /* Main.storyboard in Resources */ = {isa = PBXBuildFile; fileRef = 9316244F26FA4C8D004C06B7 /* Main.storyboard */; };
		9316245326FA4C90004C06B7 /* Assets.xcassets in Resources */ = {isa = PBXBuildFile; fileRef = 9316245226FA4C90004C06B7 /* Assets.xcassets */; };
		9316245626FA4C90004C06B7 /* LaunchScreen.storyboard in Resources */ = {isa = PBXBuildFile; fileRef = 9316245426FA4C90004C06B7 /* LaunchScreen.storyboard */; };
		9316246126FA4C90004C06B7 /* Ms_Pacman_ScoreminderTests.swift in Sources */ = {isa = PBXBuildFile; fileRef = 9316246026FA4C90004C06B7 /* Ms_Pacman_ScoreminderTests.swift */; };
		9316246C26FA4C90004C06B7 /* Ms_Pacman_ScoreminderUITests.swift in Sources */ = {isa = PBXBuildFile; fileRef = 9316246B26FA4C90004C06B7 /* Ms_Pacman_ScoreminderUITests.swift */; };
		9316247F26FA5B02004C06B7 /* Score.swift in Sources */ = {isa = PBXBuildFile; fileRef = 9316247E26FA5B02004C06B7 /* Score.swift */; };
		931800EE2721F957002D21E2 /* Utils.swift in Sources */ = {isa = PBXBuildFile; fileRef = 931800ED2721F957002D21E2 /* Utils.swift */; };
		932B1731270D49210030CD59 /* DefaultData.csv in Resources */ = {isa = PBXBuildFile; fileRef = 932B1730270D49210030CD59 /* DefaultData.csv */; };
		932F7E2826FAD3C1001147B7 /* Configs.swift in Sources */ = {isa = PBXBuildFile; fileRef = 932F7E2526FAD323001147B7 /* Configs.swift */; };
		93345AD42730698D0090154B /* Stats.swift in Sources */ = {isa = PBXBuildFile; fileRef = 93345AD32730698D0090154B /* Stats.swift */; };
		936DF3A7272C6C0F00CF2AEE /* DailySummaryView.xib in Resources */ = {isa = PBXBuildFile; fileRef = 936DF3A6272C6C0F00CF2AEE /* DailySummaryView.xib */; };
		936DF3AB272C6C2300CF2AEE /* DailySummaryView.swift in Sources */ = {isa = PBXBuildFile; fileRef = 936DF3AA272C6C2300CF2AEE /* DailySummaryView.swift */; };
		937B2B3D26FB7A070081CC6A /* APNUtils.framework in Frameworks */ = {isa = PBXBuildFile; fileRef = 93E93B1E26FA71C600461F78 /* APNUtils.framework */; };
		937B2B3E26FB7A070081CC6A /* APNUtils.framework in Embed Frameworks */ = {isa = PBXBuildFile; fileRef = 93E93B1E26FA71C600461F78 /* APNUtils.framework */; settings = {ATTRIBUTES = (CodeSignOnCopy, RemoveHeadersOnCopy, ); }; };
		937B2B4126FBA8E70081CC6A /* StatManager.swift in Sources */ = {isa = PBXBuildFile; fileRef = 937B2B4026FBA8E70081CC6A /* StatManager.swift */; };
		937B2B4926FC14570081CC6A /* Images.xcassets in Resources */ = {isa = PBXBuildFile; fileRef = 937B2B4826FC14570081CC6A /* Images.xcassets */; };
		937B2B4E26FD56D00081CC6A /* Colors.xcassets in Resources */ = {isa = PBXBuildFile; fileRef = 937B2B4D26FD56D00081CC6A /* Colors.xcassets */; };
		93A497A3270E21F700D5AB5F /* Preferences.swift in Sources */ = {isa = PBXBuildFile; fileRef = 93A497A2270E21F700D5AB5F /* Preferences.swift */; };
		93ACBFEA272CDCD4000BBC2C /* DailyStats.swift in Sources */ = {isa = PBXBuildFile; fileRef = 93ACBFE9272CDCD4000BBC2C /* DailyStats.swift */; };
		93B67B5D274DD741007C302C /* PlayStreak.swift in Sources */ = {isa = PBXBuildFile; fileRef = 93B67B5C274DD741007C302C /* PlayStreak.swift */; };
		93B6D0EC27021DAD005ADF3F /* AtomicScoreView.xib in Resources */ = {isa = PBXBuildFile; fileRef = 93B6D0EB27021DAD005ADF3F /* AtomicScoreView.xib */; };
		93B6D0EE270231A4005ADF3F /* AtomicScoreView.swift in Sources */ = {isa = PBXBuildFile; fileRef = 93B6D0ED270231A4005ADF3F /* AtomicScoreView.swift */; };
/* End PBXBuildFile section */

/* Begin PBXContainerItemProxy section */
		9316245D26FA4C90004C06B7 /* PBXContainerItemProxy */ = {
			isa = PBXContainerItemProxy;
			containerPortal = 9316243E26FA4C8D004C06B7 /* Project object */;
			proxyType = 1;
			remoteGlobalIDString = 9316244526FA4C8D004C06B7;
			remoteInfo = "Ms Pacman Scoreminder";
		};
		9316246826FA4C90004C06B7 /* PBXContainerItemProxy */ = {
			isa = PBXContainerItemProxy;
			containerPortal = 9316243E26FA4C8D004C06B7 /* Project object */;
			proxyType = 1;
			remoteGlobalIDString = 9316244526FA4C8D004C06B7;
			remoteInfo = "Ms Pacman Scoreminder";
		};
		93E93B1D26FA71C600461F78 /* PBXContainerItemProxy */ = {
			isa = PBXContainerItemProxy;
			containerPortal = 93E93B1826FA71C600461F78 /* APNUtils.xcodeproj */;
			proxyType = 2;
			remoteGlobalIDString = 933B80CD233AB3380060A850;
			remoteInfo = APNUtils;
		};
		93E93B1F26FA71C600461F78 /* PBXContainerItemProxy */ = {
			isa = PBXContainerItemProxy;
			containerPortal = 93E93B1826FA71C600461F78 /* APNUtils.xcodeproj */;
			proxyType = 2;
			remoteGlobalIDString = 933B80CE233AB3380060A850;
			remoteInfo = APNUtilsTests;
		};
/* End PBXContainerItemProxy section */

/* Begin PBXCopyFilesBuildPhase section */
		937B2B3F26FB7A070081CC6A /* Embed Frameworks */ = {
			isa = PBXCopyFilesBuildPhase;
			buildActionMask = 2147483647;
			dstPath = "";
			dstSubfolderSpec = 10;
			files = (
				937B2B3E26FB7A070081CC6A /* APNUtils.framework in Embed Frameworks */,
			);
			name = "Embed Frameworks";
			runOnlyForDeploymentPostprocessing = 0;
		};
/* End PBXCopyFilesBuildPhase section */

/* Begin PBXFileReference section */
		9313DE422731A40E00460712 /* TestData.csv */ = {isa = PBXFileReference; fileEncoding = 4; lastKnownFileType = text; path = TestData.csv; sourceTree = "<group>"; };
		9313DE4B273B418E00460712 /* EmailManager.swift */ = {isa = PBXFileReference; lastKnownFileType = sourcecode.swift; path = EmailManager.swift; sourceTree = "<group>"; };
		9316244626FA4C8D004C06B7 /* Ms Scoreminder.app */ = {isa = PBXFileReference; explicitFileType = wrapper.application; includeInIndex = 0; path = "Ms Scoreminder.app"; sourceTree = BUILT_PRODUCTS_DIR; };
		9316244926FA4C8D004C06B7 /* AppDelegate.swift */ = {isa = PBXFileReference; lastKnownFileType = sourcecode.swift; path = AppDelegate.swift; sourceTree = "<group>"; };
		9316244B26FA4C8D004C06B7 /* SceneDelegate.swift */ = {isa = PBXFileReference; lastKnownFileType = sourcecode.swift; path = SceneDelegate.swift; sourceTree = "<group>"; };
		9316244D26FA4C8D004C06B7 /* ViewController.swift */ = {isa = PBXFileReference; lastKnownFileType = sourcecode.swift; path = ViewController.swift; sourceTree = "<group>"; };
		9316245026FA4C8D004C06B7 /* Base */ = {isa = PBXFileReference; lastKnownFileType = file.storyboard; name = Base; path = Base.lproj/Main.storyboard; sourceTree = "<group>"; };
		9316245226FA4C90004C06B7 /* Assets.xcassets */ = {isa = PBXFileReference; lastKnownFileType = folder.assetcatalog; path = Assets.xcassets; sourceTree = "<group>"; };
		9316245526FA4C90004C06B7 /* Base */ = {isa = PBXFileReference; lastKnownFileType = file.storyboard; name = Base; path = Base.lproj/LaunchScreen.storyboard; sourceTree = "<group>"; };
		9316245726FA4C90004C06B7 /* Info.plist */ = {isa = PBXFileReference; lastKnownFileType = text.plist.xml; path = Info.plist; sourceTree = "<group>"; };
		9316245C26FA4C90004C06B7 /* Ms ScoreminderTests.xctest */ = {isa = PBXFileReference; explicitFileType = wrapper.cfbundle; includeInIndex = 0; path = "Ms ScoreminderTests.xctest"; sourceTree = BUILT_PRODUCTS_DIR; };
		9316246026FA4C90004C06B7 /* Ms_Pacman_ScoreminderTests.swift */ = {isa = PBXFileReference; lastKnownFileType = sourcecode.swift; path = Ms_Pacman_ScoreminderTests.swift; sourceTree = "<group>"; };
		9316246226FA4C90004C06B7 /* Info.plist */ = {isa = PBXFileReference; lastKnownFileType = text.plist.xml; path = Info.plist; sourceTree = "<group>"; };
		9316246726FA4C90004C06B7 /* Ms ScoreminderUITests.xctest */ = {isa = PBXFileReference; explicitFileType = wrapper.cfbundle; includeInIndex = 0; path = "Ms ScoreminderUITests.xctest"; sourceTree = BUILT_PRODUCTS_DIR; };
		9316246B26FA4C90004C06B7 /* Ms_Pacman_ScoreminderUITests.swift */ = {isa = PBXFileReference; lastKnownFileType = sourcecode.swift; path = Ms_Pacman_ScoreminderUITests.swift; sourceTree = "<group>"; };
		9316246D26FA4C90004C06B7 /* Info.plist */ = {isa = PBXFileReference; lastKnownFileType = text.plist.xml; path = Info.plist; sourceTree = "<group>"; };
		9316247E26FA5B02004C06B7 /* Score.swift */ = {isa = PBXFileReference; lastKnownFileType = sourcecode.swift; path = Score.swift; sourceTree = "<group>"; };
		931800ED2721F957002D21E2 /* Utils.swift */ = {isa = PBXFileReference; lastKnownFileType = sourcecode.swift; path = Utils.swift; sourceTree = "<group>"; };
		932B1730270D49210030CD59 /* DefaultData.csv */ = {isa = PBXFileReference; lastKnownFileType = text; path = DefaultData.csv; sourceTree = "<group>"; };
		932CE9ED2705410D006A1CF8 /* Ms Scoreminder.entitlements */ = {isa = PBXFileReference; lastKnownFileType = text.plist.entitlements; path = "Ms Scoreminder.entitlements"; sourceTree = "<group>"; };
		932F7E2526FAD323001147B7 /* Configs.swift */ = {isa = PBXFileReference; lastKnownFileType = sourcecode.swift; path = Configs.swift; sourceTree = "<group>"; };
		93345AD32730698D0090154B /* Stats.swift */ = {isa = PBXFileReference; lastKnownFileType = sourcecode.swift; path = Stats.swift; sourceTree = "<group>"; };
		936DF3A6272C6C0F00CF2AEE /* DailySummaryView.xib */ = {isa = PBXFileReference; lastKnownFileType = file.xib; path = DailySummaryView.xib; sourceTree = "<group>"; };
		936DF3AA272C6C2300CF2AEE /* DailySummaryView.swift */ = {isa = PBXFileReference; lastKnownFileType = sourcecode.swift; path = DailySummaryView.swift; sourceTree = "<group>"; };
		937B2B4026FBA8E70081CC6A /* StatManager.swift */ = {isa = PBXFileReference; fileEncoding = 4; lastKnownFileType = sourcecode.swift; path = StatManager.swift; sourceTree = "<group>"; };
		937B2B4826FC14570081CC6A /* Images.xcassets */ = {isa = PBXFileReference; lastKnownFileType = folder.assetcatalog; path = Images.xcassets; sourceTree = "<group>"; };
		937B2B4D26FD56D00081CC6A /* Colors.xcassets */ = {isa = PBXFileReference; lastKnownFileType = folder.assetcatalog; path = Colors.xcassets; sourceTree = "<group>"; };
		937B2B4F26FE2F650081CC6A /* Ms Pacman ScoreminderDebug.entitlements */ = {isa = PBXFileReference; lastKnownFileType = text.plist.entitlements; path = "Ms Pacman ScoreminderDebug.entitlements"; sourceTree = "<group>"; };
		93A497A2270E21F700D5AB5F /* Preferences.swift */ = {isa = PBXFileReference; lastKnownFileType = sourcecode.swift; path = Preferences.swift; sourceTree = "<group>"; };
		93ACBFE9272CDCD4000BBC2C /* DailyStats.swift */ = {isa = PBXFileReference; lastKnownFileType = sourcecode.swift; path = DailyStats.swift; sourceTree = "<group>"; };
		93B67B5C274DD741007C302C /* PlayStreak.swift */ = {isa = PBXFileReference; lastKnownFileType = sourcecode.swift; path = PlayStreak.swift; sourceTree = "<group>"; };
		93B6D0EB27021DAD005ADF3F /* AtomicScoreView.xib */ = {isa = PBXFileReference; lastKnownFileType = file.xib; path = AtomicScoreView.xib; sourceTree = "<group>"; };
		93B6D0ED270231A4005ADF3F /* AtomicScoreView.swift */ = {isa = PBXFileReference; lastKnownFileType = sourcecode.swift; path = AtomicScoreView.swift; sourceTree = "<group>"; };
		93E93B1826FA71C600461F78 /* APNUtils.xcodeproj */ = {isa = PBXFileReference; lastKnownFileType = "wrapper.pb-project"; name = APNUtils.xcodeproj; path = ../../Frameworks/APNUtils/APNUtils.xcodeproj; sourceTree = "<group>"; };
/* End PBXFileReference section */

/* Begin PBXFrameworksBuildPhase section */
		9316244326FA4C8D004C06B7 /* Frameworks */ = {
			isa = PBXFrameworksBuildPhase;
			buildActionMask = 2147483647;
			files = (
				937B2B3D26FB7A070081CC6A /* APNUtils.framework in Frameworks */,
			);
			runOnlyForDeploymentPostprocessing = 0;
		};
		9316245926FA4C90004C06B7 /* Frameworks */ = {
			isa = PBXFrameworksBuildPhase;
			buildActionMask = 2147483647;
			files = (
			);
			runOnlyForDeploymentPostprocessing = 0;
		};
		9316246426FA4C90004C06B7 /* Frameworks */ = {
			isa = PBXFrameworksBuildPhase;
			buildActionMask = 2147483647;
			files = (
			);
			runOnlyForDeploymentPostprocessing = 0;
		};
/* End PBXFrameworksBuildPhase section */

/* Begin PBXGroup section */
		9316243D26FA4C8D004C06B7 = {
			isa = PBXGroup;
			children = (
				932CE9ED2705410D006A1CF8 /* Ms Scoreminder.entitlements */,
				93E93B1826FA71C600461F78 /* APNUtils.xcodeproj */,
				9316244826FA4C8D004C06B7 /* Ms Pacman Scoreminder */,
				9316245F26FA4C90004C06B7 /* Ms Pacman ScoreminderTests */,
				9316246A26FA4C90004C06B7 /* Ms Pacman ScoreminderUITests */,
				9316244726FA4C8D004C06B7 /* Products */,
				937B2B3A26FB7A070081CC6A /* Frameworks */,
			);
			sourceTree = "<group>";
		};
		9316244726FA4C8D004C06B7 /* Products */ = {
			isa = PBXGroup;
			children = (
				9316244626FA4C8D004C06B7 /* Ms Scoreminder.app */,
				9316245C26FA4C90004C06B7 /* Ms ScoreminderTests.xctest */,
				9316246726FA4C90004C06B7 /* Ms ScoreminderUITests.xctest */,
			);
			name = Products;
			sourceTree = "<group>";
		};
		9316244826FA4C8D004C06B7 /* Ms Pacman Scoreminder */ = {
			isa = PBXGroup;
			children = (
				937B2B4F26FE2F650081CC6A /* Ms Pacman ScoreminderDebug.entitlements */,
				9316247B26FA4CA3004C06B7 /* M */,
				9316247C26FA4CD6004C06B7 /* V */,
				9316247926FA4C9D004C06B7 /* C */,
				937B2B4726FC14370081CC6A /* Resources */,
				9316247D26FA4D11004C06B7 /* Supporting Files */,
			);
			path = "Ms Pacman Scoreminder";
			sourceTree = "<group>";
		};
		9316245F26FA4C90004C06B7 /* Ms Pacman ScoreminderTests */ = {
			isa = PBXGroup;
			children = (
				9316246026FA4C90004C06B7 /* Ms_Pacman_ScoreminderTests.swift */,
				9316246226FA4C90004C06B7 /* Info.plist */,
			);
			path = "Ms Pacman ScoreminderTests";
			sourceTree = "<group>";
		};
		9316246A26FA4C90004C06B7 /* Ms Pacman ScoreminderUITests */ = {
			isa = PBXGroup;
			children = (
				9316246B26FA4C90004C06B7 /* Ms_Pacman_ScoreminderUITests.swift */,
				9316246D26FA4C90004C06B7 /* Info.plist */,
			);
			path = "Ms Pacman ScoreminderUITests";
			sourceTree = "<group>";
		};
		9316247926FA4C9D004C06B7 /* C */ = {
			isa = PBXGroup;
			children = (
				93B6D0E92700258C005ADF3F /* iOS */,
				937B2B4026FBA8E70081CC6A /* StatManager.swift */,
				9316244D26FA4C8D004C06B7 /* ViewController.swift */,
				9313DE4B273B418E00460712 /* EmailManager.swift */,
			);
			name = C;
			sourceTree = "<group>";
		};
		9316247B26FA4CA3004C06B7 /* M */ = {
			isa = PBXGroup;
			children = (
				9316247E26FA5B02004C06B7 /* Score.swift */,
				93A497A2270E21F700D5AB5F /* Preferences.swift */,
				93ACBFE9272CDCD4000BBC2C /* DailyStats.swift */,
				93345AD32730698D0090154B /* Stats.swift */,
				93B67B5C274DD741007C302C /* PlayStreak.swift */,
			);
			name = M;
			sourceTree = "<group>";
		};
		9316247C26FA4CD6004C06B7 /* V */ = {
			isa = PBXGroup;
			children = (
				93B6D0EA27021D7A005ADF3F /* iOS */,
				93B6D0EB27021DAD005ADF3F /* AtomicScoreView.xib */,
				93B6D0ED270231A4005ADF3F /* AtomicScoreView.swift */,
				936DF3A6272C6C0F00CF2AEE /* DailySummaryView.xib */,
				936DF3AA272C6C2300CF2AEE /* DailySummaryView.swift */,
			);
			name = V;
			sourceTree = "<group>";
		};
		9316247D26FA4D11004C06B7 /* Supporting Files */ = {
			isa = PBXGroup;
			children = (
				932F7E2526FAD323001147B7 /* Configs.swift */,
				931800ED2721F957002D21E2 /* Utils.swift */,
				9316245726FA4C90004C06B7 /* Info.plist */,
			);
			name = "Supporting Files";
			sourceTree = "<group>";
		};
		937B2B3A26FB7A070081CC6A /* Frameworks */ = {
			isa = PBXGroup;
			children = (
			);
			name = Frameworks;
			sourceTree = "<group>";
		};
		937B2B4726FC14370081CC6A /* Resources */ = {
			isa = PBXGroup;
			children = (
				9316245226FA4C90004C06B7 /* Assets.xcassets */,
				937B2B4826FC14570081CC6A /* Images.xcassets */,
				937B2B4D26FD56D00081CC6A /* Colors.xcassets */,
				932B1730270D49210030CD59 /* DefaultData.csv */,
				9313DE422731A40E00460712 /* TestData.csv */,
			);
			name = Resources;
			sourceTree = "<group>";
		};
		93B6D0E92700258C005ADF3F /* iOS */ = {
			isa = PBXGroup;
			children = (
				9316244926FA4C8D004C06B7 /* AppDelegate.swift */,
				9316244B26FA4C8D004C06B7 /* SceneDelegate.swift */,
			);
			name = iOS;
			sourceTree = "<group>";
		};
		93B6D0EA27021D7A005ADF3F /* iOS */ = {
			isa = PBXGroup;
			children = (
				9316244F26FA4C8D004C06B7 /* Main.storyboard */,
				9316245426FA4C90004C06B7 /* LaunchScreen.storyboard */,
			);
			name = iOS;
			sourceTree = "<group>";
		};
		93E93B1926FA71C600461F78 /* Products */ = {
			isa = PBXGroup;
			children = (
				93E93B1E26FA71C600461F78 /* APNUtils.framework */,
				93E93B2026FA71C600461F78 /* APNUtilsTests.xctest */,
			);
			name = Products;
			sourceTree = "<group>";
		};
/* End PBXGroup section */

/* Begin PBXNativeTarget section */
		9316244526FA4C8D004C06B7 /* Ms Scoreminder */ = {
			isa = PBXNativeTarget;
			buildConfigurationList = 9316247026FA4C90004C06B7 /* Build configuration list for PBXNativeTarget "Ms Scoreminder" */;
			buildPhases = (
				9316244226FA4C8D004C06B7 /* Sources */,
				9316244326FA4C8D004C06B7 /* Frameworks */,
				9316244426FA4C8D004C06B7 /* Resources */,
				937B2B3F26FB7A070081CC6A /* Embed Frameworks */,
			);
			buildRules = (
			);
			dependencies = (
			);
			name = "Ms Scoreminder";
			productName = "Ms Pacman Scoreminder";
			productReference = 9316244626FA4C8D004C06B7 /* Ms Scoreminder.app */;
			productType = "com.apple.product-type.application";
		};
		9316245B26FA4C90004C06B7 /* Ms ScoreminderTests */ = {
			isa = PBXNativeTarget;
			buildConfigurationList = 9316247326FA4C90004C06B7 /* Build configuration list for PBXNativeTarget "Ms ScoreminderTests" */;
			buildPhases = (
				9316245826FA4C90004C06B7 /* Sources */,
				9316245926FA4C90004C06B7 /* Frameworks */,
				9316245A26FA4C90004C06B7 /* Resources */,
			);
			buildRules = (
			);
			dependencies = (
				9316245E26FA4C90004C06B7 /* PBXTargetDependency */,
			);
			name = "Ms ScoreminderTests";
			productName = "Ms Pacman ScoreminderTests";
			productReference = 9316245C26FA4C90004C06B7 /* Ms ScoreminderTests.xctest */;
			productType = "com.apple.product-type.bundle.unit-test";
		};
		9316246626FA4C90004C06B7 /* Ms ScoreminderUITests */ = {
			isa = PBXNativeTarget;
			buildConfigurationList = 9316247626FA4C90004C06B7 /* Build configuration list for PBXNativeTarget "Ms ScoreminderUITests" */;
			buildPhases = (
				9316246326FA4C90004C06B7 /* Sources */,
				9316246426FA4C90004C06B7 /* Frameworks */,
				9316246526FA4C90004C06B7 /* Resources */,
			);
			buildRules = (
			);
			dependencies = (
				9316246926FA4C90004C06B7 /* PBXTargetDependency */,
			);
			name = "Ms ScoreminderUITests";
			productName = "Ms Pacman ScoreminderUITests";
			productReference = 9316246726FA4C90004C06B7 /* Ms ScoreminderUITests.xctest */;
			productType = "com.apple.product-type.bundle.ui-testing";
		};
/* End PBXNativeTarget section */

/* Begin PBXProject section */
		9316243E26FA4C8D004C06B7 /* Project object */ = {
			isa = PBXProject;
			attributes = {
				LastSwiftUpdateCheck = 1250;
				LastUpgradeCheck = 1250;
				TargetAttributes = {
					9316244526FA4C8D004C06B7 = {
						CreatedOnToolsVersion = 12.5;
					};
					9316245B26FA4C90004C06B7 = {
						CreatedOnToolsVersion = 12.5;
						TestTargetID = 9316244526FA4C8D004C06B7;
					};
					9316246626FA4C90004C06B7 = {
						CreatedOnToolsVersion = 12.5;
						TestTargetID = 9316244526FA4C8D004C06B7;
					};
				};
			};
			buildConfigurationList = 9316244126FA4C8D004C06B7 /* Build configuration list for PBXProject "Ms Scoreminder" */;
			compatibilityVersion = "Xcode 9.3";
			developmentRegion = en;
			hasScannedForEncodings = 0;
			knownRegions = (
				en,
				Base,
			);
			mainGroup = 9316243D26FA4C8D004C06B7;
			productRefGroup = 9316244726FA4C8D004C06B7 /* Products */;
			projectDirPath = "";
			projectReferences = (
				{
					ProductGroup = 93E93B1926FA71C600461F78 /* Products */;
					ProjectRef = 93E93B1826FA71C600461F78 /* APNUtils.xcodeproj */;
				},
			);
			projectRoot = "";
			targets = (
				9316244526FA4C8D004C06B7 /* Ms Scoreminder */,
				9316245B26FA4C90004C06B7 /* Ms ScoreminderTests */,
				9316246626FA4C90004C06B7 /* Ms ScoreminderUITests */,
			);
		};
/* End PBXProject section */

/* Begin PBXReferenceProxy section */
		93E93B1E26FA71C600461F78 /* APNUtils.framework */ = {
			isa = PBXReferenceProxy;
			fileType = wrapper.framework;
			path = APNUtils.framework;
			remoteRef = 93E93B1D26FA71C600461F78 /* PBXContainerItemProxy */;
			sourceTree = BUILT_PRODUCTS_DIR;
		};
		93E93B2026FA71C600461F78 /* APNUtilsTests.xctest */ = {
			isa = PBXReferenceProxy;
			fileType = wrapper.cfbundle;
			path = APNUtilsTests.xctest;
			remoteRef = 93E93B1F26FA71C600461F78 /* PBXContainerItemProxy */;
			sourceTree = BUILT_PRODUCTS_DIR;
		};
/* End PBXReferenceProxy section */

/* Begin PBXResourcesBuildPhase section */
		9316244426FA4C8D004C06B7 /* Resources */ = {
			isa = PBXResourcesBuildPhase;
			buildActionMask = 2147483647;
			files = (
				9316245626FA4C90004C06B7 /* LaunchScreen.storyboard in Resources */,
				936DF3A7272C6C0F00CF2AEE /* DailySummaryView.xib in Resources */,
				937B2B4926FC14570081CC6A /* Images.xcassets in Resources */,
				937B2B4E26FD56D00081CC6A /* Colors.xcassets in Resources */,
				9316245326FA4C90004C06B7 /* Assets.xcassets in Resources */,
				932B1731270D49210030CD59 /* DefaultData.csv in Resources */,
				9313DE432731A40E00460712 /* TestData.csv in Resources */,
				93B6D0EC27021DAD005ADF3F /* AtomicScoreView.xib in Resources */,
				9316245126FA4C8D004C06B7 /* Main.storyboard in Resources */,
			);
			runOnlyForDeploymentPostprocessing = 0;
		};
		9316245A26FA4C90004C06B7 /* Resources */ = {
			isa = PBXResourcesBuildPhase;
			buildActionMask = 2147483647;
			files = (
			);
			runOnlyForDeploymentPostprocessing = 0;
		};
		9316246526FA4C90004C06B7 /* Resources */ = {
			isa = PBXResourcesBuildPhase;
			buildActionMask = 2147483647;
			files = (
			);
			runOnlyForDeploymentPostprocessing = 0;
		};
/* End PBXResourcesBuildPhase section */

/* Begin PBXSourcesBuildPhase section */
		9316244226FA4C8D004C06B7 /* Sources */ = {
			isa = PBXSourcesBuildPhase;
			buildActionMask = 2147483647;
			files = (
				937B2B4126FBA8E70081CC6A /* StatManager.swift in Sources */,
				932F7E2826FAD3C1001147B7 /* Configs.swift in Sources */,
				931800EE2721F957002D21E2 /* Utils.swift in Sources */,
				936DF3AB272C6C2300CF2AEE /* DailySummaryView.swift in Sources */,
				9316247F26FA5B02004C06B7 /* Score.swift in Sources */,
				93B6D0EE270231A4005ADF3F /* AtomicScoreView.swift in Sources */,
				93ACBFEA272CDCD4000BBC2C /* DailyStats.swift in Sources */,
				9313DE4C273B418F00460712 /* EmailManager.swift in Sources */,
				9316244E26FA4C8D004C06B7 /* ViewController.swift in Sources */,
				93B67B5D274DD741007C302C /* PlayStreak.swift in Sources */,
				9316244A26FA4C8D004C06B7 /* AppDelegate.swift in Sources */,
				93345AD42730698D0090154B /* Stats.swift in Sources */,
				93A497A3270E21F700D5AB5F /* Preferences.swift in Sources */,
				9316244C26FA4C8D004C06B7 /* SceneDelegate.swift in Sources */,
			);
			runOnlyForDeploymentPostprocessing = 0;
		};
		9316245826FA4C90004C06B7 /* Sources */ = {
			isa = PBXSourcesBuildPhase;
			buildActionMask = 2147483647;
			files = (
				9316246126FA4C90004C06B7 /* Ms_Pacman_ScoreminderTests.swift in Sources */,
			);
			runOnlyForDeploymentPostprocessing = 0;
		};
		9316246326FA4C90004C06B7 /* Sources */ = {
			isa = PBXSourcesBuildPhase;
			buildActionMask = 2147483647;
			files = (
				9316246C26FA4C90004C06B7 /* Ms_Pacman_ScoreminderUITests.swift in Sources */,
			);
			runOnlyForDeploymentPostprocessing = 0;
		};
/* End PBXSourcesBuildPhase section */

/* Begin PBXTargetDependency section */
		9316245E26FA4C90004C06B7 /* PBXTargetDependency */ = {
			isa = PBXTargetDependency;
			target = 9316244526FA4C8D004C06B7 /* Ms Scoreminder */;
			targetProxy = 9316245D26FA4C90004C06B7 /* PBXContainerItemProxy */;
		};
		9316246926FA4C90004C06B7 /* PBXTargetDependency */ = {
			isa = PBXTargetDependency;
			target = 9316244526FA4C8D004C06B7 /* Ms Scoreminder */;
			targetProxy = 9316246826FA4C90004C06B7 /* PBXContainerItemProxy */;
		};
/* End PBXTargetDependency section */

/* Begin PBXVariantGroup section */
		9316244F26FA4C8D004C06B7 /* Main.storyboard */ = {
			isa = PBXVariantGroup;
			children = (
				9316245026FA4C8D004C06B7 /* Base */,
			);
			name = Main.storyboard;
			sourceTree = "<group>";
		};
		9316245426FA4C90004C06B7 /* LaunchScreen.storyboard */ = {
			isa = PBXVariantGroup;
			children = (
				9316245526FA4C90004C06B7 /* Base */,
			);
			name = LaunchScreen.storyboard;
			sourceTree = "<group>";
		};
/* End PBXVariantGroup section */

/* Begin XCBuildConfiguration section */
		9316246E26FA4C90004C06B7 /* Debug */ = {
			isa = XCBuildConfiguration;
			buildSettings = {
				ALWAYS_SEARCH_USER_PATHS = NO;
				CLANG_ANALYZER_NONNULL = YES;
				CLANG_ANALYZER_NUMBER_OBJECT_CONVERSION = YES_AGGRESSIVE;
				CLANG_CXX_LANGUAGE_STANDARD = "gnu++14";
				CLANG_CXX_LIBRARY = "libc++";
				CLANG_ENABLE_MODULES = YES;
				CLANG_ENABLE_OBJC_ARC = YES;
				CLANG_ENABLE_OBJC_WEAK = YES;
				CLANG_WARN_BLOCK_CAPTURE_AUTORELEASING = YES;
				CLANG_WARN_BOOL_CONVERSION = YES;
				CLANG_WARN_COMMA = YES;
				CLANG_WARN_CONSTANT_CONVERSION = YES;
				CLANG_WARN_DEPRECATED_OBJC_IMPLEMENTATIONS = YES;
				CLANG_WARN_DIRECT_OBJC_ISA_USAGE = YES_ERROR;
				CLANG_WARN_DOCUMENTATION_COMMENTS = YES;
				CLANG_WARN_EMPTY_BODY = YES;
				CLANG_WARN_ENUM_CONVERSION = YES;
				CLANG_WARN_INFINITE_RECURSION = YES;
				CLANG_WARN_INT_CONVERSION = YES;
				CLANG_WARN_NON_LITERAL_NULL_CONVERSION = YES;
				CLANG_WARN_OBJC_IMPLICIT_RETAIN_SELF = YES;
				CLANG_WARN_OBJC_LITERAL_CONVERSION = YES;
				CLANG_WARN_OBJC_ROOT_CLASS = YES_ERROR;
				CLANG_WARN_QUOTED_INCLUDE_IN_FRAMEWORK_HEADER = YES;
				CLANG_WARN_RANGE_LOOP_ANALYSIS = YES;
				CLANG_WARN_STRICT_PROTOTYPES = YES;
				CLANG_WARN_SUSPICIOUS_MOVE = YES;
				CLANG_WARN_UNGUARDED_AVAILABILITY = YES_AGGRESSIVE;
				CLANG_WARN_UNREACHABLE_CODE = YES;
				CLANG_WARN__DUPLICATE_METHOD_MATCH = YES;
				COPY_PHASE_STRIP = NO;
				DEBUG_INFORMATION_FORMAT = dwarf;
				ENABLE_STRICT_OBJC_MSGSEND = YES;
				ENABLE_TESTABILITY = YES;
				GCC_C_LANGUAGE_STANDARD = gnu11;
				GCC_DYNAMIC_NO_PIC = NO;
				GCC_NO_COMMON_BLOCKS = YES;
				GCC_OPTIMIZATION_LEVEL = 0;
				GCC_PREPROCESSOR_DEFINITIONS = (
					"DEBUG=1",
					"$(inherited)",
				);
				GCC_WARN_64_TO_32_BIT_CONVERSION = YES;
				GCC_WARN_ABOUT_RETURN_TYPE = YES_ERROR;
				GCC_WARN_UNDECLARED_SELECTOR = YES;
				GCC_WARN_UNINITIALIZED_AUTOS = YES_AGGRESSIVE;
				GCC_WARN_UNUSED_FUNCTION = YES;
				GCC_WARN_UNUSED_VARIABLE = YES;
				IPHONEOS_DEPLOYMENT_TARGET = 14.5;
				MTL_ENABLE_DEBUG_INFO = INCLUDE_SOURCE;
				MTL_FAST_MATH = YES;
				ONLY_ACTIVE_ARCH = YES;
				SDKROOT = iphoneos;
				SWIFT_ACTIVE_COMPILATION_CONDITIONS = DEBUG;
				SWIFT_OPTIMIZATION_LEVEL = "-Onone";
			};
			name = Debug;
		};
		9316246F26FA4C90004C06B7 /* Release */ = {
			isa = XCBuildConfiguration;
			buildSettings = {
				ALWAYS_SEARCH_USER_PATHS = NO;
				CLANG_ANALYZER_NONNULL = YES;
				CLANG_ANALYZER_NUMBER_OBJECT_CONVERSION = YES_AGGRESSIVE;
				CLANG_CXX_LANGUAGE_STANDARD = "gnu++14";
				CLANG_CXX_LIBRARY = "libc++";
				CLANG_ENABLE_MODULES = YES;
				CLANG_ENABLE_OBJC_ARC = YES;
				CLANG_ENABLE_OBJC_WEAK = YES;
				CLANG_WARN_BLOCK_CAPTURE_AUTORELEASING = YES;
				CLANG_WARN_BOOL_CONVERSION = YES;
				CLANG_WARN_COMMA = YES;
				CLANG_WARN_CONSTANT_CONVERSION = YES;
				CLANG_WARN_DEPRECATED_OBJC_IMPLEMENTATIONS = YES;
				CLANG_WARN_DIRECT_OBJC_ISA_USAGE = YES_ERROR;
				CLANG_WARN_DOCUMENTATION_COMMENTS = YES;
				CLANG_WARN_EMPTY_BODY = YES;
				CLANG_WARN_ENUM_CONVERSION = YES;
				CLANG_WARN_INFINITE_RECURSION = YES;
				CLANG_WARN_INT_CONVERSION = YES;
				CLANG_WARN_NON_LITERAL_NULL_CONVERSION = YES;
				CLANG_WARN_OBJC_IMPLICIT_RETAIN_SELF = YES;
				CLANG_WARN_OBJC_LITERAL_CONVERSION = YES;
				CLANG_WARN_OBJC_ROOT_CLASS = YES_ERROR;
				CLANG_WARN_QUOTED_INCLUDE_IN_FRAMEWORK_HEADER = YES;
				CLANG_WARN_RANGE_LOOP_ANALYSIS = YES;
				CLANG_WARN_STRICT_PROTOTYPES = YES;
				CLANG_WARN_SUSPICIOUS_MOVE = YES;
				CLANG_WARN_UNGUARDED_AVAILABILITY = YES_AGGRESSIVE;
				CLANG_WARN_UNREACHABLE_CODE = YES;
				CLANG_WARN__DUPLICATE_METHOD_MATCH = YES;
				COPY_PHASE_STRIP = NO;
				DEBUG_INFORMATION_FORMAT = "dwarf-with-dsym";
				ENABLE_NS_ASSERTIONS = NO;
				ENABLE_STRICT_OBJC_MSGSEND = YES;
				GCC_C_LANGUAGE_STANDARD = gnu11;
				GCC_NO_COMMON_BLOCKS = YES;
				GCC_WARN_64_TO_32_BIT_CONVERSION = YES;
				GCC_WARN_ABOUT_RETURN_TYPE = YES_ERROR;
				GCC_WARN_UNDECLARED_SELECTOR = YES;
				GCC_WARN_UNINITIALIZED_AUTOS = YES_AGGRESSIVE;
				GCC_WARN_UNUSED_FUNCTION = YES;
				GCC_WARN_UNUSED_VARIABLE = YES;
				IPHONEOS_DEPLOYMENT_TARGET = 14.5;
				MTL_ENABLE_DEBUG_INFO = NO;
				MTL_FAST_MATH = YES;
				SDKROOT = iphoneos;
				SWIFT_COMPILATION_MODE = wholemodule;
				SWIFT_OPTIMIZATION_LEVEL = "-O";
				VALIDATE_PRODUCT = YES;
			};
			name = Release;
		};
		9316247126FA4C90004C06B7 /* Debug */ = {
			isa = XCBuildConfiguration;
			buildSettings = {
				ASSETCATALOG_COMPILER_APPICON_NAME = AppIcon;
				ASSETCATALOG_COMPILER_GLOBAL_ACCENT_COLOR_NAME = AccentColor;
				ASSETCATALOG_COMPILER_INCLUDE_ALL_APPICON_ASSETS = NO;
				CODE_SIGN_IDENTITY = "iPhone Developer";
				CODE_SIGN_STYLE = Automatic;
				DEVELOPMENT_TEAM = 56S32J5CWV;
				INFOPLIST_FILE = "Ms Pacman Scoreminder/Info.plist";
				LD_RUNPATH_SEARCH_PATHS = (
					"$(inherited)",
					"@executable_path/Frameworks",
				);
				MARKETING_VERSION = 1.4.5;
				PRODUCT_BUNDLE_IDENTIFIER = "com.aaron.nance.Ms-Scoreminder-v1.4.5";
				PRODUCT_NAME = "$(TARGET_NAME)";
				PROVISIONING_PROFILE_SPECIFIER = "";
				SWIFT_VERSION = 5.0;
				TARGETED_DEVICE_FAMILY = "1,2";
			};
			name = Debug;
		};
		9316247226FA4C90004C06B7 /* Release */ = {
			isa = XCBuildConfiguration;
			buildSettings = {
				ASSETCATALOG_COMPILER_APPICON_NAME = AppIcon;
				ASSETCATALOG_COMPILER_GLOBAL_ACCENT_COLOR_NAME = AccentColor;
				ASSETCATALOG_COMPILER_INCLUDE_ALL_APPICON_ASSETS = NO;
				CODE_SIGN_IDENTITY = "iPhone Developer";
				CODE_SIGN_STYLE = Automatic;
				DEVELOPMENT_TEAM = 56S32J5CWV;
				INFOPLIST_FILE = "Ms Pacman Scoreminder/Info.plist";
				LD_RUNPATH_SEARCH_PATHS = (
					"$(inherited)",
					"@executable_path/Frameworks",
				);
				MARKETING_VERSION = 1.4.5;
				PRODUCT_BUNDLE_IDENTIFIER = "com.aaron.nance.Ms-Scoreminder-v1.4.5";
				PRODUCT_NAME = "$(TARGET_NAME)";
				PROVISIONING_PROFILE_SPECIFIER = "";
				SWIFT_VERSION = 5.0;
				TARGETED_DEVICE_FAMILY = "1,2";
			};
			name = Release;
		};
		9316247426FA4C90004C06B7 /* Debug */ = {
			isa = XCBuildConfiguration;
			buildSettings = {
				ALWAYS_EMBED_SWIFT_STANDARD_LIBRARIES = YES;
				BUNDLE_LOADER = "$(TEST_HOST)";
				CODE_SIGN_STYLE = Automatic;
				DEVELOPMENT_TEAM = 56S32J5CWV;
				INFOPLIST_FILE = "Ms Pacman ScoreminderTests/Info.plist";
				IPHONEOS_DEPLOYMENT_TARGET = 14.5;
				LD_RUNPATH_SEARCH_PATHS = (
					"$(inherited)",
					"@executable_path/Frameworks",
					"@loader_path/Frameworks",
				);
				PRODUCT_BUNDLE_IDENTIFIER = "com.aaron.nance.Ms-Pacman-ScoreminderTests";
				PRODUCT_NAME = "$(TARGET_NAME)";
				SWIFT_VERSION = 5.0;
				TARGETED_DEVICE_FAMILY = "1,2";
				TEST_HOST = "$(BUILT_PRODUCTS_DIR)/Ms Scoreminder.app/Ms Scoreminder";
			};
			name = Debug;
		};
		9316247526FA4C90004C06B7 /* Release */ = {
			isa = XCBuildConfiguration;
			buildSettings = {
				ALWAYS_EMBED_SWIFT_STANDARD_LIBRARIES = YES;
				BUNDLE_LOADER = "$(TEST_HOST)";
				CODE_SIGN_STYLE = Automatic;
				DEVELOPMENT_TEAM = 56S32J5CWV;
				INFOPLIST_FILE = "Ms Pacman ScoreminderTests/Info.plist";
				IPHONEOS_DEPLOYMENT_TARGET = 14.5;
				LD_RUNPATH_SEARCH_PATHS = (
					"$(inherited)",
					"@executable_path/Frameworks",
					"@loader_path/Frameworks",
				);
				PRODUCT_BUNDLE_IDENTIFIER = "com.aaron.nance.Ms-Pacman-ScoreminderTests";
				PRODUCT_NAME = "$(TARGET_NAME)";
				SWIFT_VERSION = 5.0;
				TARGETED_DEVICE_FAMILY = "1,2";
				TEST_HOST = "$(BUILT_PRODUCTS_DIR)/Ms Scoreminder.app/Ms Scoreminder";
			};
			name = Release;
		};
		9316247726FA4C90004C06B7 /* Debug */ = {
			isa = XCBuildConfiguration;
			buildSettings = {
				ALWAYS_EMBED_SWIFT_STANDARD_LIBRARIES = YES;
				CODE_SIGN_STYLE = Automatic;
				DEVELOPMENT_TEAM = 56S32J5CWV;
				INFOPLIST_FILE = "Ms Pacman ScoreminderUITests/Info.plist";
				LD_RUNPATH_SEARCH_PATHS = (
					"$(inherited)",
					"@executable_path/Frameworks",
					"@loader_path/Frameworks",
				);
				PRODUCT_BUNDLE_IDENTIFIER = "com.aaron.nance.Ms-Pacman-ScoreminderUITests";
				PRODUCT_NAME = "$(TARGET_NAME)";
				SWIFT_VERSION = 5.0;
				TARGETED_DEVICE_FAMILY = "1,2";
				TEST_TARGET_NAME = "Ms Pacman Scoreminder";
			};
			name = Debug;
		};
		9316247826FA4C90004C06B7 /* Release */ = {
			isa = XCBuildConfiguration;
			buildSettings = {
				ALWAYS_EMBED_SWIFT_STANDARD_LIBRARIES = YES;
				CODE_SIGN_STYLE = Automatic;
				DEVELOPMENT_TEAM = 56S32J5CWV;
				INFOPLIST_FILE = "Ms Pacman ScoreminderUITests/Info.plist";
				LD_RUNPATH_SEARCH_PATHS = (
					"$(inherited)",
					"@executable_path/Frameworks",
					"@loader_path/Frameworks",
				);
				PRODUCT_BUNDLE_IDENTIFIER = "com.aaron.nance.Ms-Pacman-ScoreminderUITests";
				PRODUCT_NAME = "$(TARGET_NAME)";
				SWIFT_VERSION = 5.0;
				TARGETED_DEVICE_FAMILY = "1,2";
				TEST_TARGET_NAME = "Ms Pacman Scoreminder";
			};
			name = Release;
		};
/* End XCBuildConfiguration section */

/* Begin XCConfigurationList section */
		9316244126FA4C8D004C06B7 /* Build configuration list for PBXProject "Ms Scoreminder" */ = {
			isa = XCConfigurationList;
			buildConfigurations = (
				9316246E26FA4C90004C06B7 /* Debug */,
				9316246F26FA4C90004C06B7 /* Release */,
			);
			defaultConfigurationIsVisible = 0;
			defaultConfigurationName = Release;
		};
		9316247026FA4C90004C06B7 /* Build configuration list for PBXNativeTarget "Ms Scoreminder" */ = {
			isa = XCConfigurationList;
			buildConfigurations = (
				9316247126FA4C90004C06B7 /* Debug */,
				9316247226FA4C90004C06B7 /* Release */,
			);
			defaultConfigurationIsVisible = 0;
			defaultConfigurationName = Release;
		};
		9316247326FA4C90004C06B7 /* Build configuration list for PBXNativeTarget "Ms ScoreminderTests" */ = {
			isa = XCConfigurationList;
			buildConfigurations = (
				9316247426FA4C90004C06B7 /* Debug */,
				9316247526FA4C90004C06B7 /* Release */,
			);
			defaultConfigurationIsVisible = 0;
			defaultConfigurationName = Release;
		};
		9316247626FA4C90004C06B7 /* Build configuration list for PBXNativeTarget "Ms ScoreminderUITests" */ = {
			isa = XCConfigurationList;
			buildConfigurations = (
				9316247726FA4C90004C06B7 /* Debug */,
				9316247826FA4C90004C06B7 /* Release */,
			);
			defaultConfigurationIsVisible = 0;
			defaultConfigurationName = Release;
		};
/* End XCConfigurationList section */
	};
	rootObject = 9316243E26FA4C8D004C06B7 /* Project object */;
}
