{
  "pins" : [
    {
      "identity" : "apnutil",
      "kind" : "remoteSourceControl",
      "location" : "https://github.com/apnance/APNUtil",
      "state" : {
        "revision" : "ccd228cecaf27979cc36677c545344f5e97c55a5",
        "version" : "1.6.2"
      }
    },
    {
      "identity" : "consoleview",
      "kind" : "remoteSourceControl",
      "location" : "https://github.com/apnance/ConsoleView",
      "state" : {
        "branch" : "main",
        "revision" : "2fc2b4a64b7ee6e05f854b7093050196414c8e7b"
      }
    },
    {
      "identity" : "swift-collections",
      "kind" : "remoteSourceControl",
      "location" : "https://github.com/apple/swift-collections.git",
      "state" : {
        "revision" : "671108c96644956dddcd89dd59c203dcdb36cec7",
        "version" : "1.1.4"
      }
    }
  ],
  "version" : 2
}
