{
  "pins" : [
    {
      "identity" : "consoleview",
      "kind" : "remoteSourceControl",
      "location" : "https://github.com/apnance/ConsoleView",
      "state" : {
        "branch" : "main",
        "revision" : "ae88ead4f2da4ac02c2a14bc2676d62c75780a72"
      }
    },
    {
      "identity" : "swift-collections",
      "kind" : "remoteSourceControl",
      "location" : "https://github.com/apple/swift-collections.git",
      "state" : {
        "revision" : "3d2dc41a01f9e49d84f0a3925fb858bed64f702d",
        "version" : "1.1.2"
      }
    }
  ],
  "version" : 2
}
