{
  "pins" : [
    {
      "identity" : "apnutil",
      "kind" : "remoteSourceControl",
      "location" : "https://github.com/apnance/APNUtil",
      "state" : {
        "revision" : "8ea7e39c57e4932cfd16cf6df53978fac32b33b7",
        "version" : "1.6.1"
      }
    },
    {
      "identity" : "consoleview",
      "kind" : "remoteSourceControl",
      "location" : "https://github.com/apnance/ConsoleView",
      "state" : {
        "branch" : "main",
        "revision" : "abd46e0ecb75562eec120ec9d10c9bc02787045c"
      }
    },
    {
      "identity" : "swift-collections",
      "kind" : "remoteSourceControl",
      "location" : "https://github.com/apple/swift-collections.git",
      "state" : {
        "revision" : "671108c96644956dddcd89dd59c203dcdb36cec7",
        "version" : "1.1.4"
      }
    }
  ],
  "version" : 2
}
